
Microsoft Visual Studio Solution File, Format Version 12.00
# Visual Studio Version 17
VisualStudioVersion = 17.2.32602.215
MinimumVisualStudioVersion = 10.0.40219.1
Project("{2150E333-8FDC-42A3-9474-1A3956D46DE8}") = "Sites", "Sites", "{F768AE6D-C583-4283-A545-48484957D9B5}"
EndProject
Project("{FAE04EC0-301F-11D3-BF4B-00C04F79EFBC}") = "Jarra.MVC", "Jarra.MVC\Jarra.MVC.csproj", "{63219562-ECCE-4993-9CE8-7493599E844C}"
EndProject
Global
	GlobalSection(SolutionConfigurationPlatforms) = preSolution
		Debug|Any CPU = Debug|Any CPU
		Release|Any CPU = Release|Any CPU
	EndGlobalSection
	GlobalSection(ProjectConfigurationPlatforms) = postSolution
		{63219562-ECCE-4993-9CE8-7493599E844C}.Debug|Any CPU.ActiveCfg = Debug|Any CPU
		{63219562-ECCE-4993-9CE8-7493599E844C}.Debug|Any CPU.Build.0 = Debug|Any CPU
		{63219562-ECCE-4993-9CE8-7493599E844C}.Release|Any CPU.ActiveCfg = Release|Any CPU
		{63219562-ECCE-4993-9CE8-7493599E844C}.Release|Any CPU.Build.0 = Release|Any CPU
	EndGlobalSection
	GlobalSection(SolutionProperties) = preSolution
		HideSolutionNode = FALSE
	EndGlobalSection
	GlobalSection(NestedProjects) = preSolution
		{63219562-ECCE-4993-9CE8-7493599E844C} = {F768AE6D-C583-4283-A545-48484957D9B5}
	EndGlobalSection
	GlobalSection(ExtensibilityGlobals) = postSolution
		SolutionGuid = {392BE1DB-898D-4B7A-82C7-03C4C1D767A8}
	EndGlobalSection
EndGlobal
